
Microsoft Visual Studio Solution File, Format Version 12.00
# Visual Studio Version 17
VisualStudioVersion = 17.7.34221.43
MinimumVisualStudioVersion = 10.0.40219.1
Project("{FAE04EC0-301F-11D3-BF4B-00C04F79EFBC}") = "sokoban", "sokoban.csproj", "{82242DD6-22E5-4C14-8610-97E31F419123}"
EndProject
Global
	GlobalSection(SolutionConfigurationPlatforms) = preSolution
		Debug|Any CPU = Debug|Any CPU
		Release|Any CPU = Release|Any CPU
	EndGlobalSection
	GlobalSection(ProjectConfigurationPlatforms) = postSolution
		{82242DD6-22E5-4C14-8610-97E31F419123}.Debug|Any CPU.ActiveCfg = Debug|Any CPU
		{82242DD6-22E5-4C14-8610-97E31F419123}.Debug|Any CPU.Build.0 = Debug|Any CPU
		{82242DD6-22E5-4C14-8610-97E31F419123}.Release|Any CPU.ActiveCfg = Release|Any CPU
		{82242DD6-22E5-4C14-8610-97E31F419123}.Release|Any CPU.Build.0 = Release|Any CPU
	EndGlobalSection
	GlobalSection(SolutionProperties) = preSolution
		HideSolutionNode = FALSE
	EndGlobalSection
	GlobalSection(ExtensibilityGlobals) = postSolution
		SolutionGuid = {7ED19D39-6A48-4D58-AA3F-5460C700289F}
	EndGlobalSection
EndGlobal
